
Microsoft Visual Studio Solution File, Format Version 12.00
# Visual Studio Version 17
VisualStudioVersion = 17.1.32407.343
MinimumVisualStudioVersion = 10.0.40219.1
Project("{FAE04EC0-301F-11D3-BF4B-00C04F79EFBC}") = "FiveHead", "FiveHead.csproj", "{4A6366C8-EFF5-426A-A3EB-0EE29DE152EB}"
EndProject
Project("{FAE04EC0-301F-11D3-BF4B-00C04F79EFBC}") = "FiveHead.Tests", "..\FiveHead.Tests\FiveHead.Tests.csproj", "{F8649C78-ED65-423C-9A72-E0F3960C667B}"
EndProject
Global
	GlobalSection(SolutionConfigurationPlatforms) = preSolution
		Debug|Any CPU = Debug|Any CPU
		Release|Any CPU = Release|Any CPU
	EndGlobalSection
	GlobalSection(ProjectConfigurationPlatforms) = postSolution
		{4A6366C8-EFF5-426A-A3EB-0EE29DE152EB}.Debug|Any CPU.ActiveCfg = Debug|Any CPU
		{4A6366C8-EFF5-426A-A3EB-0EE29DE152EB}.Debug|Any CPU.Build.0 = Debug|Any CPU
		{4A6366C8-EFF5-426A-A3EB-0EE29DE152EB}.Release|Any CPU.ActiveCfg = Release|Any CPU
		{4A6366C8-EFF5-426A-A3EB-0EE29DE152EB}.Release|Any CPU.Build.0 = Release|Any CPU
		{F8649C78-ED65-423C-9A72-E0F3960C667B}.Debug|Any CPU.ActiveCfg = Debug|Any CPU
		{F8649C78-ED65-423C-9A72-E0F3960C667B}.Debug|Any CPU.Build.0 = Debug|Any CPU
		{F8649C78-ED65-423C-9A72-E0F3960C667B}.Release|Any CPU.ActiveCfg = Release|Any CPU
		{F8649C78-ED65-423C-9A72-E0F3960C667B}.Release|Any CPU.Build.0 = Release|Any CPU
	EndGlobalSection
	GlobalSection(SolutionProperties) = preSolution
		HideSolutionNode = FALSE
	EndGlobalSection
	GlobalSection(ExtensibilityGlobals) = postSolution
		SolutionGuid = {5B059DBB-17B0-4CF9-A8D0-AB6205959494}
	EndGlobalSection
EndGlobal
